
Microsoft Visual Studio Solution File, Format Version 12.00
# Visual Studio Version 17
VisualStudioVersion = 17.3.32819.101
MinimumVisualStudioVersion = 10.0.40219.1
Project("{FAE04EC0-301F-11D3-BF4B-00C04F79EFBC}") = "Calculator", "Calculator.csproj", "{C756EECD-AC82-4CE9-93CD-442DCD0F7415}"
EndProject
Global
	GlobalSection(SolutionConfigurationPlatforms) = preSolution
		Debug|Any CPU = Debug|Any CPU
		Release|Any CPU = Release|Any CPU
	EndGlobalSection
	GlobalSection(ProjectConfigurationPlatforms) = postSolution
		{C756EECD-AC82-4CE9-93CD-442DCD0F7415}.Debug|Any CPU.ActiveCfg = Debug|Any CPU
		{C756EECD-AC82-4CE9-93CD-442DCD0F7415}.Debug|Any CPU.Build.0 = Debug|Any CPU
		{C756EECD-AC82-4CE9-93CD-442DCD0F7415}.Release|Any CPU.ActiveCfg = Release|Any CPU
		{C756EECD-AC82-4CE9-93CD-442DCD0F7415}.Release|Any CPU.Build.0 = Release|Any CPU
	EndGlobalSection
	GlobalSection(SolutionProperties) = preSolution
		HideSolutionNode = FALSE
	EndGlobalSection
	GlobalSection(ExtensibilityGlobals) = postSolution
		SolutionGuid = {D1EC1645-403B-417D-996E-C623CB9B99DF}
	EndGlobalSection
EndGlobal
